
Microsoft Visual Studio Solution File, Format Version 12.00
# Visual Studio Version 16
VisualStudioVersion = 25.0.1706.14
MinimumVisualStudioVersion = 10.0.40219.1
Project("{FAE04EC0-301F-11D3-BF4B-00C04F79EFBC}") = "SeleniumCSharpFramework", "SeleniumCSharpFramework.csproj", "{147EDDF9-B04D-4899-B578-3913C15525FE}"
EndProject
Global
	GlobalSection(SolutionConfigurationPlatforms) = preSolution
		Debug|Any CPU = Debug|Any CPU
		Release|Any CPU = Release|Any CPU
	EndGlobalSection
	GlobalSection(ProjectConfigurationPlatforms) = postSolution
		{147EDDF9-B04D-4899-B578-3913C15525FE}.Debug|Any CPU.ActiveCfg = Debug|Any CPU
		{147EDDF9-B04D-4899-B578-3913C15525FE}.Debug|Any CPU.Build.0 = Debug|Any CPU
		{147EDDF9-B04D-4899-B578-3913C15525FE}.Release|Any CPU.ActiveCfg = Release|Any CPU
		{147EDDF9-B04D-4899-B578-3913C15525FE}.Release|Any CPU.Build.0 = Release|Any CPU
	EndGlobalSection
	GlobalSection(SolutionProperties) = preSolution
		HideSolutionNode = FALSE
	EndGlobalSection
	GlobalSection(ExtensibilityGlobals) = postSolution
		SolutionGuid = {6F9626B0-D10B-4EE0-80DC-331142E7E2B3}
	EndGlobalSection
EndGlobal
